
Microsoft Visual Studio Solution File, Format Version 11.00
# Visual Studio 2010
Project("{FAE04EC0-301F-11D3-BF4B-00C04F79EFBC}") = "Mapbox.Vectors", "Mapbox.Vectors\Mapbox.Vectors.csproj", "{4319A2DC-E470-4DE8-8546-7511D316771C}"
EndProject
Project("{FAE04EC0-301F-11D3-BF4B-00C04F79EFBC}") = "Mapbox.Vectors.Tests", "Mapbox.Vectors.Tests\Mapbox.Vectors.Tests.csproj", "{35E4EAB6-B2F5-4B5B-80A3-4B708A3CF541}"
EndProject
Global
	GlobalSection(SolutionConfigurationPlatforms) = preSolution
		Debug|Any CPU = Debug|Any CPU
		Release|Any CPU = Release|Any CPU
	EndGlobalSection
	GlobalSection(ProjectConfigurationPlatforms) = postSolution
		{4319A2DC-E470-4DE8-8546-7511D316771C}.Debug|Any CPU.ActiveCfg = Debug|Any CPU
		{4319A2DC-E470-4DE8-8546-7511D316771C}.Debug|Any CPU.Build.0 = Debug|Any CPU
		{4319A2DC-E470-4DE8-8546-7511D316771C}.Release|Any CPU.ActiveCfg = Release|Any CPU
		{4319A2DC-E470-4DE8-8546-7511D316771C}.Release|Any CPU.Build.0 = Release|Any CPU
		{35E4EAB6-B2F5-4B5B-80A3-4B708A3CF541}.Debug|Any CPU.ActiveCfg = Debug|Any CPU
		{35E4EAB6-B2F5-4B5B-80A3-4B708A3CF541}.Debug|Any CPU.Build.0 = Debug|Any CPU
		{35E4EAB6-B2F5-4B5B-80A3-4B708A3CF541}.Release|Any CPU.ActiveCfg = Release|Any CPU
		{35E4EAB6-B2F5-4B5B-80A3-4B708A3CF541}.Release|Any CPU.Build.0 = Release|Any CPU
	EndGlobalSection
	GlobalSection(SolutionProperties) = preSolution
		HideSolutionNode = FALSE
	EndGlobalSection
	GlobalSection(MonoDevelopProperties) = preSolution
		StartupItem = Mapbox.Vectors\Mapbox.Vectors.csproj
	EndGlobalSection
EndGlobal
